
Microsoft Visual Studio Solution File, Format Version 12.00
Project("{2150E333-8FDC-42A3-9474-1A3956D46DE8}") = "src", "src", "{6A352C97-C631-4DCC-9F33-F929E69201D8}"
EndProject
Project("{2150E333-8FDC-42A3-9474-1A3956D46DE8}") = "Core", "Core", "{23BB7EE3-6F7F-41CD-A66D-8744CF9EABAF}"
EndProject
Project("{FAE04EC0-301F-11D3-BF4B-00C04F79EFBC}") = "AzEnStudyApp.Application", "src\Core\AzEnStudyApp.Application\AzEnStudyApp.Application.csproj", "{B3B890FC-8DD1-477C-89A5-25A45889971C}"
EndProject
Project("{FAE04EC0-301F-11D3-BF4B-00C04F79EFBC}") = "AzEnStudyApp.Domain", "src\Core\AzEnStudyApp.Domain\AzEnStudyApp.Domain.csproj", "{633D0048-5C92-4E55-914B-2005CE2D4B9F}"
EndProject
Project("{2150E333-8FDC-42A3-9474-1A3956D46DE8}") = "Infrastructure", "Infrastructure", "{ACB85764-5F26-48BA-A9C3-E0222900DE5A}"
EndProject
Project("{FAE04EC0-301F-11D3-BF4B-00C04F79EFBC}") = "AzEnStudyApp.Persistence", "src\Infrastructure\AzEnStudyApp.Persistence\AzEnStudyApp.Persistence.csproj", "{5CC2C0BD-C889-43D0-AC8C-33A7F6CA7476}"
EndProject
Project("{2150E333-8FDC-42A3-9474-1A3956D46DE8}") = "WebApi", "WebApi", "{4CFDECD5-F144-4E72-A6D2-48B3CBE8E389}"
EndProject
Project("{FAE04EC0-301F-11D3-BF4B-00C04F79EFBC}") = "AzEnStudyApp.WebApi", "src\WebApi\AzEnStudyApp.WebApi\AzEnStudyApp.WebApi.csproj", "{C0851257-4874-49A8-8F1C-5D8CA8ACB46A}"
EndProject
Global
	GlobalSection(SolutionConfigurationPlatforms) = preSolution
		Debug|Any CPU = Debug|Any CPU
		Release|Any CPU = Release|Any CPU
	EndGlobalSection
	GlobalSection(NestedProjects) = preSolution
		{23BB7EE3-6F7F-41CD-A66D-8744CF9EABAF} = {6A352C97-C631-4DCC-9F33-F929E69201D8}
		{B3B890FC-8DD1-477C-89A5-25A45889971C} = {23BB7EE3-6F7F-41CD-A66D-8744CF9EABAF}
		{633D0048-5C92-4E55-914B-2005CE2D4B9F} = {23BB7EE3-6F7F-41CD-A66D-8744CF9EABAF}
		{ACB85764-5F26-48BA-A9C3-E0222900DE5A} = {6A352C97-C631-4DCC-9F33-F929E69201D8}
		{5CC2C0BD-C889-43D0-AC8C-33A7F6CA7476} = {ACB85764-5F26-48BA-A9C3-E0222900DE5A}
		{4CFDECD5-F144-4E72-A6D2-48B3CBE8E389} = {6A352C97-C631-4DCC-9F33-F929E69201D8}
		{C0851257-4874-49A8-8F1C-5D8CA8ACB46A} = {4CFDECD5-F144-4E72-A6D2-48B3CBE8E389}
	EndGlobalSection
	GlobalSection(ProjectConfigurationPlatforms) = postSolution
		{B3B890FC-8DD1-477C-89A5-25A45889971C}.Debug|Any CPU.ActiveCfg = Debug|Any CPU
		{B3B890FC-8DD1-477C-89A5-25A45889971C}.Debug|Any CPU.Build.0 = Debug|Any CPU
		{B3B890FC-8DD1-477C-89A5-25A45889971C}.Release|Any CPU.ActiveCfg = Release|Any CPU
		{B3B890FC-8DD1-477C-89A5-25A45889971C}.Release|Any CPU.Build.0 = Release|Any CPU
		{633D0048-5C92-4E55-914B-2005CE2D4B9F}.Debug|Any CPU.ActiveCfg = Debug|Any CPU
		{633D0048-5C92-4E55-914B-2005CE2D4B9F}.Debug|Any CPU.Build.0 = Debug|Any CPU
		{633D0048-5C92-4E55-914B-2005CE2D4B9F}.Release|Any CPU.ActiveCfg = Release|Any CPU
		{633D0048-5C92-4E55-914B-2005CE2D4B9F}.Release|Any CPU.Build.0 = Release|Any CPU
		{5CC2C0BD-C889-43D0-AC8C-33A7F6CA7476}.Debug|Any CPU.ActiveCfg = Debug|Any CPU
		{5CC2C0BD-C889-43D0-AC8C-33A7F6CA7476}.Debug|Any CPU.Build.0 = Debug|Any CPU
		{5CC2C0BD-C889-43D0-AC8C-33A7F6CA7476}.Release|Any CPU.ActiveCfg = Release|Any CPU
		{5CC2C0BD-C889-43D0-AC8C-33A7F6CA7476}.Release|Any CPU.Build.0 = Release|Any CPU
		{C0851257-4874-49A8-8F1C-5D8CA8ACB46A}.Debug|Any CPU.ActiveCfg = Debug|Any CPU
		{C0851257-4874-49A8-8F1C-5D8CA8ACB46A}.Debug|Any CPU.Build.0 = Debug|Any CPU
		{C0851257-4874-49A8-8F1C-5D8CA8ACB46A}.Release|Any CPU.ActiveCfg = Release|Any CPU
		{C0851257-4874-49A8-8F1C-5D8CA8ACB46A}.Release|Any CPU.Build.0 = Release|Any CPU
	EndGlobalSection
EndGlobal
